{
  "name": "linksSocias",
  "lockfileVersion": 3,
  "requires": true,
  "packages": {
    "": {
      "dependencies": {
        "@formbricks/js": "^2.0.1"
      }
    },
    "node_modules/@formbricks/js": {
      "version": "2.0.1",
      "resolved": "https://registry.npmjs.org/@formbricks/js/-/js-2.0.1.tgz",
      "integrity": "sha512-+ncbZynRgeGvccFphaZgupdWu61J+pv5Tj7CkZPTkmgy4HbW/lwJoRE0v6KPa8nkfXrkuJ3JBVssRvRa4qT71Q=="
    }
  }
}
